
Microsoft Visual Studio Solution File, Format Version 12.00
# Visual Studio Version 16
VisualStudioVersion = 16.0.32228.343
MinimumVisualStudioVersion = 10.0.40219.1
Project("{FAE04EC0-301F-11D3-BF4B-00C04F79EFBC}") = "Moe.Intranet.Feedback.BatchJob", "Moe.Intranet.Feedback.BatchJob\Moe.Intranet.Feedback.BatchJob.csproj", "{B7E9FDC5-FD08-4151-8498-CBB949AD7E70}"
EndProject
Global
	GlobalSection(SolutionConfigurationPlatforms) = preSolution
		Debug|Any CPU = Debug|Any CPU
		Release|Any CPU = Release|Any CPU
	EndGlobalSection
	GlobalSection(ProjectConfigurationPlatforms) = postSolution
		{B7E9FDC5-FD08-4151-8498-CBB949AD7E70}.Debug|Any CPU.ActiveCfg = Debug|Any CPU
		{B7E9FDC5-FD08-4151-8498-CBB949AD7E70}.Debug|Any CPU.Build.0 = Debug|Any CPU
		{B7E9FDC5-FD08-4151-8498-CBB949AD7E70}.Release|Any CPU.ActiveCfg = Release|Any CPU
		{B7E9FDC5-FD08-4151-8498-CBB949AD7E70}.Release|Any CPU.Build.0 = Release|Any CPU
	EndGlobalSection
	GlobalSection(SolutionProperties) = preSolution
		HideSolutionNode = FALSE
	EndGlobalSection
	GlobalSection(ExtensibilityGlobals) = postSolution
		SolutionGuid = {46DC9F10-8C2C-48FC-B048-65396898D798}
	EndGlobalSection
EndGlobal
